
Microsoft Visual Studio Solution File, Format Version 12.00
# Visual Studio Version 16
VisualStudioVersion = 16.0.31424.327
MinimumVisualStudioVersion = 10.0.40219.1
Project("{FAE04EC0-301F-11D3-BF4B-00C04F79EFBC}") = "Ejercicio2Guía1", "Ejercicio2Guía1.csproj", "{038F9036-C26A-4625-9085-4112CE6A5743}"
EndProject
Global
	GlobalSection(SolutionConfigurationPlatforms) = preSolution
		Debug|Any CPU = Debug|Any CPU
		Release|Any CPU = Release|Any CPU
	EndGlobalSection
	GlobalSection(ProjectConfigurationPlatforms) = postSolution
		{038F9036-C26A-4625-9085-4112CE6A5743}.Debug|Any CPU.ActiveCfg = Debug|Any CPU
		{038F9036-C26A-4625-9085-4112CE6A5743}.Debug|Any CPU.Build.0 = Debug|Any CPU
		{038F9036-C26A-4625-9085-4112CE6A5743}.Release|Any CPU.ActiveCfg = Release|Any CPU
		{038F9036-C26A-4625-9085-4112CE6A5743}.Release|Any CPU.Build.0 = Release|Any CPU
	EndGlobalSection
	GlobalSection(SolutionProperties) = preSolution
		HideSolutionNode = FALSE
	EndGlobalSection
	GlobalSection(ExtensibilityGlobals) = postSolution
		SolutionGuid = {51DF878A-9C55-4F18-A4C4-78C48F3BD006}
	EndGlobalSection
EndGlobal
